
Microsoft Visual Studio Solution File, Format Version 12.00
# Visual Studio Version 17
VisualStudioVersion = 17.0.31903.59
MinimumVisualStudioVersion = 10.0.40219.1
Project("{FAE04EC0-301F-11D3-BF4B-00C04F79EFBC}") = "Interfaces", "Interfaces\Interfaces.csproj", "{74FB81A5-79FD-4877-A0C7-450C368E1D34}"
EndProject
Project("{FAE04EC0-301F-11D3-BF4B-00C04F79EFBC}") = "ExplicitImplementation", "ExplicitImplementation\ExplicitImplementation.csproj", "{A3CEFEC5-08E2-4342-AF3E-484809ECE1C2}"
EndProject
Project("{FAE04EC0-301F-11D3-BF4B-00C04F79EFBC}") = "CustomEnumerator", "CustomEnumerator\CustomEnumerator.csproj", "{B65BB796-9584-4164-B0AB-F1E8C6916A97}"
EndProject
Project("{FAE04EC0-301F-11D3-BF4B-00C04F79EFBC}") = "Clonable", "Clonable\Clonable.csproj", "{AB0DFB15-29CD-45C7-8E86-8B6AA58074B7}"
EndProject
Project("{FAE04EC0-301F-11D3-BF4B-00C04F79EFBC}") = "IComparable", "IComparable\IComparable.csproj", "{042559F0-8C96-4F0E-85E0-D72217581DB6}"
EndProject
Global
	GlobalSection(SolutionConfigurationPlatforms) = preSolution
		Debug|Any CPU = Debug|Any CPU
		Release|Any CPU = Release|Any CPU
	EndGlobalSection
	GlobalSection(SolutionProperties) = preSolution
		HideSolutionNode = FALSE
	EndGlobalSection
	GlobalSection(ProjectConfigurationPlatforms) = postSolution
		{74FB81A5-79FD-4877-A0C7-450C368E1D34}.Debug|Any CPU.ActiveCfg = Debug|Any CPU
		{74FB81A5-79FD-4877-A0C7-450C368E1D34}.Debug|Any CPU.Build.0 = Debug|Any CPU
		{74FB81A5-79FD-4877-A0C7-450C368E1D34}.Release|Any CPU.ActiveCfg = Release|Any CPU
		{74FB81A5-79FD-4877-A0C7-450C368E1D34}.Release|Any CPU.Build.0 = Release|Any CPU
		{A3CEFEC5-08E2-4342-AF3E-484809ECE1C2}.Debug|Any CPU.ActiveCfg = Debug|Any CPU
		{A3CEFEC5-08E2-4342-AF3E-484809ECE1C2}.Debug|Any CPU.Build.0 = Debug|Any CPU
		{A3CEFEC5-08E2-4342-AF3E-484809ECE1C2}.Release|Any CPU.ActiveCfg = Release|Any CPU
		{A3CEFEC5-08E2-4342-AF3E-484809ECE1C2}.Release|Any CPU.Build.0 = Release|Any CPU
		{B65BB796-9584-4164-B0AB-F1E8C6916A97}.Debug|Any CPU.ActiveCfg = Debug|Any CPU
		{B65BB796-9584-4164-B0AB-F1E8C6916A97}.Debug|Any CPU.Build.0 = Debug|Any CPU
		{B65BB796-9584-4164-B0AB-F1E8C6916A97}.Release|Any CPU.ActiveCfg = Release|Any CPU
		{B65BB796-9584-4164-B0AB-F1E8C6916A97}.Release|Any CPU.Build.0 = Release|Any CPU
		{AB0DFB15-29CD-45C7-8E86-8B6AA58074B7}.Debug|Any CPU.ActiveCfg = Debug|Any CPU
		{AB0DFB15-29CD-45C7-8E86-8B6AA58074B7}.Debug|Any CPU.Build.0 = Debug|Any CPU
		{AB0DFB15-29CD-45C7-8E86-8B6AA58074B7}.Release|Any CPU.ActiveCfg = Release|Any CPU
		{AB0DFB15-29CD-45C7-8E86-8B6AA58074B7}.Release|Any CPU.Build.0 = Release|Any CPU
		{042559F0-8C96-4F0E-85E0-D72217581DB6}.Debug|Any CPU.ActiveCfg = Debug|Any CPU
		{042559F0-8C96-4F0E-85E0-D72217581DB6}.Debug|Any CPU.Build.0 = Debug|Any CPU
		{042559F0-8C96-4F0E-85E0-D72217581DB6}.Release|Any CPU.ActiveCfg = Release|Any CPU
		{042559F0-8C96-4F0E-85E0-D72217581DB6}.Release|Any CPU.Build.0 = Release|Any CPU
	EndGlobalSection
EndGlobal
