
Microsoft Visual Studio Solution File, Format Version 12.00
# Visual Studio Version 17
VisualStudioVersion = 17.5.002.0
MinimumVisualStudioVersion = 10.0.40219.1
Project("{9A19103F-16F7-4668-BE54-9A1E7A4F7556}") = "ProcessInteraction", "ProcessInteraction.csproj", "{CBF6B81F-4522-4475-A99C-85DDC12EA9A7}"
EndProject
Global
	GlobalSection(SolutionConfigurationPlatforms) = preSolution
		Debug|Any CPU = Debug|Any CPU
		Release|Any CPU = Release|Any CPU
	EndGlobalSection
	GlobalSection(ProjectConfigurationPlatforms) = postSolution
		{CBF6B81F-4522-4475-A99C-85DDC12EA9A7}.Debug|Any CPU.ActiveCfg = Debug|Any CPU
		{CBF6B81F-4522-4475-A99C-85DDC12EA9A7}.Debug|Any CPU.Build.0 = Debug|Any CPU
		{CBF6B81F-4522-4475-A99C-85DDC12EA9A7}.Release|Any CPU.ActiveCfg = Release|Any CPU
		{CBF6B81F-4522-4475-A99C-85DDC12EA9A7}.Release|Any CPU.Build.0 = Release|Any CPU
	EndGlobalSection
	GlobalSection(SolutionProperties) = preSolution
		HideSolutionNode = FALSE
	EndGlobalSection
	GlobalSection(ExtensibilityGlobals) = postSolution
		SolutionGuid = {E26E587D-E32E-474C-BF23-8E01D1AE15A2}
	EndGlobalSection
EndGlobal
